// !$*UTF8*$!
{
	archiveVersion = 1;
	classes = {
	};
	objectVersion = 46;
	objects = {

/* Begin PBXBuildFile section */
		4CA81BFF1929FF49003FCECF /* Foundation.framework in Frameworks */ = {isa = PBXBuildFile; fileRef = 4CA81BFE1929FF49003FCECF /* Foundation.framework */; };
		4CA81C011929FF49003FCECF /* CoreGraphics.framework in Frameworks */ = {isa = PBXBuildFile; fileRef = 4CA81C001929FF49003FCECF /* CoreGraphics.framework */; };
		4CA81C031929FF49003FCECF /* UIKit.framework in Frameworks */ = {isa = PBXBuildFile; fileRef = 4CA81C021929FF49003FCECF /* UIKit.framework */; };
		4CA81C091929FF49003FCECF /* InfoPlist.strings in Resources */ = {isa = PBXBuildFile; fileRef = 4CA81C071929FF49003FCECF /* InfoPlist.strings */; };
		4CA81C0B1929FF49003FCECF /* main.m in Sources */ = {isa = PBXBuildFile; fileRef = 4CA81C0A1929FF49003FCECF /* main.m */; };
		4CA81C0F1929FF49003FCECF /* AppDelegate.m in Sources */ = {isa = PBXBuildFile; fileRef = 4CA81C0E1929FF49003FCECF /* AppDelegate.m */; };
		4CA81C121929FF49003FCECF /* Main_iPhone.storyboard in Resources */ = {isa = PBXBuildFile; fileRef = 4CA81C101929FF49003FCECF /* Main_iPhone.storyboard */; };
		4CA81C151929FF49003FCECF /* Main_iPad.storyboard in Resources */ = {isa = PBXBuildFile; fileRef = 4CA81C131929FF49003FCECF /* Main_iPad.storyboard */; };
		4CA81C181929FF49003FCECF /* ViewController.m in Sources */ = {isa = PBXBuildFile; fileRef = 4CA81C171929FF49003FCECF /* ViewController.m */; };
		4CA81C1A1929FF49003FCECF /* Images.xcassets in Resources */ = {isa = PBXBuildFile; fileRef = 4CA81C191929FF49003FCECF /* Images.xcassets */; };
		4CA81C211929FF49003FCECF /* XCTest.framework in Frameworks */ = {isa = PBXBuildFile; fileRef = 4CA81C201929FF49003FCECF /* XCTest.framework */; };
		4CA81C221929FF49003FCECF /* Foundation.framework in Frameworks */ = {isa = PBXBuildFile; fileRef = 4CA81BFE1929FF49003FCECF /* Foundation.framework */; };
		4CA81C231929FF49003FCECF /* UIKit.framework in Frameworks */ = {isa = PBXBuildFile; fileRef = 4CA81C021929FF49003FCECF /* UIKit.framework */; };
		4CA81C2B1929FF49003FCECF /* InfoPlist.strings in Resources */ = {isa = PBXBuildFile; fileRef = 4CA81C291929FF49003FCECF /* InfoPlist.strings */; };
		4CA81C2D1929FF49003FCECF /* DelegateDemoTests.m in Sources */ = {isa = PBXBuildFile; fileRef = 4CA81C2C1929FF49003FCECF /* DelegateDemoTests.m */; };
		4CA81C39192A00C0003FCECF /* LastNameViewController.m in Sources */ = {isa = PBXBuildFile; fileRef = 4CA81C38192A00C0003FCECF /* LastNameViewController.m */; };
/* End PBXBuildFile section */

/* Begin PBXContainerItemProxy section */
		4CA81C241929FF49003FCECF /* PBXContainerItemProxy */ = {
			isa = PBXContainerItemProxy;
			containerPortal = 4CA81BF31929FF49003FCECF /* Project object */;
			proxyType = 1;
			remoteGlobalIDString = 4CA81BFA1929FF49003FCECF;
			remoteInfo = DelegateDemo;
		};
/* End PBXContainerItemProxy section */

/* Begin PBXFileReference section */
		4CA81BFB1929FF49003FCECF /* DelegateDemo.app */ = {isa = PBXFileReference; explicitFileType = wrapper.application; includeInIndex = 0; path = DelegateDemo.app; sourceTree = BUILT_PRODUCTS_DIR; };
		4CA81BFE1929FF49003FCECF /* Foundation.framework */ = {isa = PBXFileReference; lastKnownFileType = wrapper.framework; name = Foundation.framework; path = System/Library/Frameworks/Foundation.framework; sourceTree = SDKROOT; };
		4CA81C001929FF49003FCECF /* CoreGraphics.framework */ = {isa = PBXFileReference; lastKnownFileType = wrapper.framework; name = CoreGraphics.framework; path = System/Library/Frameworks/CoreGraphics.framework; sourceTree = SDKROOT; };
		4CA81C021929FF49003FCECF /* UIKit.framework */ = {isa = PBXFileReference; lastKnownFileType = wrapper.framework; name = UIKit.framework; path = System/Library/Frameworks/UIKit.framework; sourceTree = SDKROOT; };
		4CA81C061929FF49003FCECF /* DelegateDemo-Info.plist */ = {isa = PBXFileReference; lastKnownFileType = text.plist.xml; path = "DelegateDemo-Info.plist"; sourceTree = "<group>"; };
		4CA81C081929FF49003FCECF /* en */ = {isa = PBXFileReference; lastKnownFileType = text.plist.strings; name = en; path = en.lproj/InfoPlist.strings; sourceTree = "<group>"; };
		4CA81C0A1929FF49003FCECF /* main.m */ = {isa = PBXFileReference; lastKnownFileType = sourcecode.c.objc; path = main.m; sourceTree = "<group>"; };
		4CA81C0C1929FF49003FCECF /* DelegateDemo-Prefix.pch */ = {isa = PBXFileReference; lastKnownFileType = sourcecode.c.h; path = "DelegateDemo-Prefix.pch"; sourceTree = "<group>"; };
		4CA81C0D1929FF49003FCECF /* AppDelegate.h */ = {isa = PBXFileReference; lastKnownFileType = sourcecode.c.h; path = AppDelegate.h; sourceTree = "<group>"; };
		4CA81C0E1929FF49003FCECF /* AppDelegate.m */ = {isa = PBXFileReference; lastKnownFileType = sourcecode.c.objc; path = AppDelegate.m; sourceTree = "<group>"; };
		4CA81C111929FF49003FCECF /* Base */ = {isa = PBXFileReference; lastKnownFileType = file.storyboard; name = Base; path = Base.lproj/Main_iPhone.storyboard; sourceTree = "<group>"; };
		4CA81C141929FF49003FCECF /* Base */ = {isa = PBXFileReference; lastKnownFileType = file.storyboard; name = Base; path = Base.lproj/Main_iPad.storyboard; sourceTree = "<group>"; };
		4CA81C161929FF49003FCECF /* ViewController.h */ = {isa = PBXFileReference; lastKnownFileType = sourcecode.c.h; name = ViewController.h; path = ../ViewController.h; sourceTree = "<group>"; };
		4CA81C171929FF49003FCECF /* ViewController.m */ = {isa = PBXFileReference; lastKnownFileType = sourcecode.c.objc; name = ViewController.m; path = ../ViewController.m; sourceTree = "<group>"; };
		4CA81C191929FF49003FCECF /* Images.xcassets */ = {isa = PBXFileReference; lastKnownFileType = folder.assetcatalog; path = Images.xcassets; sourceTree = "<group>"; };
		4CA81C1F1929FF49003FCECF /* DelegateDemoTests.xctest */ = {isa = PBXFileReference; explicitFileType = wrapper.cfbundle; includeInIndex = 0; path = DelegateDemoTests.xctest; sourceTree = BUILT_PRODUCTS_DIR; };
		4CA81C201929FF49003FCECF /* XCTest.framework */ = {isa = PBXFileReference; lastKnownFileType = wrapper.framework; name = XCTest.framework; path = Library/Frameworks/XCTest.framework; sourceTree = DEVELOPER_DIR; };
		4CA81C281929FF49003FCECF /* DelegateDemoTests-Info.plist */ = {isa = PBXFileReference; lastKnownFileType = text.plist.xml; path = "DelegateDemoTests-Info.plist"; sourceTree = "<group>"; };
		4CA81C2A1929FF49003FCECF /* en */ = {isa = PBXFileReference; lastKnownFileType = text.plist.strings; name = en; path = en.lproj/InfoPlist.strings; sourceTree = "<group>"; };
		4CA81C2C1929FF49003FCECF /* DelegateDemoTests.m */ = {isa = PBXFileReference; lastKnownFileType = sourcecode.c.objc; path = DelegateDemoTests.m; sourceTree = "<group>"; };
		4CA81C37192A00C0003FCECF /* LastNameViewController.h */ = {isa = PBXFileReference; fileEncoding = 4; lastKnownFileType = sourcecode.c.h; path = LastNameViewController.h; sourceTree = "<group>"; };
		4CA81C38192A00C0003FCECF /* LastNameViewController.m */ = {isa = PBXFileReference; fileEncoding = 4; lastKnownFileType = sourcecode.c.objc; path = LastNameViewController.m; sourceTree = "<group>"; };
/* End PBXFileReference section */

/* Begin PBXFrameworksBuildPhase section */
		4CA81BF81929FF49003FCECF /* Frameworks */ = {
			isa = PBXFrameworksBuildPhase;
			buildActionMask = 2147483647;
			files = (
				4CA81C011929FF49003FCECF /* CoreGraphics.framework in Frameworks */,
				4CA81C031929FF49003FCECF /* UIKit.framework in Frameworks */,
				4CA81BFF1929FF49003FCECF /* Foundation.framework in Frameworks */,
			);
			runOnlyForDeploymentPostprocessing = 0;
		};
		4CA81C1C1929FF49003FCECF /* Frameworks */ = {
			isa = PBXFrameworksBuildPhase;
			buildActionMask = 2147483647;
			files = (
				4CA81C211929FF49003FCECF /* XCTest.framework in Frameworks */,
				4CA81C231929FF49003FCECF /* UIKit.framework in Frameworks */,
				4CA81C221929FF49003FCECF /* Foundation.framework in Frameworks */,
			);
			runOnlyForDeploymentPostprocessing = 0;
		};
/* End PBXFrameworksBuildPhase section */

/* Begin PBXGroup section */
		4CA81BF21929FF49003FCECF = {
			isa = PBXGroup;
			children = (
				4CA81C041929FF49003FCECF /* DelegateDemo */,
				4CA81C261929FF49003FCECF /* DelegateDemoTests */,
				4CA81BFD1929FF49003FCECF /* Frameworks */,
				4CA81BFC1929FF49003FCECF /* Products */,
			);
			sourceTree = "<group>";
		};
		4CA81BFC1929FF49003FCECF /* Products */ = {
			isa = PBXGroup;
			children = (
				4CA81BFB1929FF49003FCECF /* DelegateDemo.app */,
				4CA81C1F1929FF49003FCECF /* DelegateDemoTests.xctest */,
			);
			name = Products;
			sourceTree = "<group>";
		};
		4CA81BFD1929FF49003FCECF /* Frameworks */ = {
			isa = PBXGroup;
			children = (
				4CA81BFE1929FF49003FCECF /* Foundation.framework */,
				4CA81C001929FF49003FCECF /* CoreGraphics.framework */,
				4CA81C021929FF49003FCECF /* UIKit.framework */,
				4CA81C201929FF49003FCECF /* XCTest.framework */,
			);
			name = Frameworks;
			sourceTree = "<group>";
		};
		4CA81C041929FF49003FCECF /* DelegateDemo */ = {
			isa = PBXGroup;
			children = (
				4CA81C0D1929FF49003FCECF /* AppDelegate.h */,
				4CA81C0E1929FF49003FCECF /* AppDelegate.m */,
				4CA81C36192A0082003FCECF /* ViewControllers */,
				4CA81C101929FF49003FCECF /* Main_iPhone.storyboard */,
				4CA81C131929FF49003FCECF /* Main_iPad.storyboard */,
				4CA81C191929FF49003FCECF /* Images.xcassets */,
				4CA81C051929FF49003FCECF /* Supporting Files */,
			);
			path = DelegateDemo;
			sourceTree = "<group>";
		};
		4CA81C051929FF49003FCECF /* Supporting Files */ = {
			isa = PBXGroup;
			children = (
				4CA81C061929FF49003FCECF /* DelegateDemo-Info.plist */,
				4CA81C071929FF49003FCECF /* InfoPlist.strings */,
				4CA81C0A1929FF49003FCECF /* main.m */,
				4CA81C0C1929FF49003FCECF /* DelegateDemo-Prefix.pch */,
			);
			name = "Supporting Files";
			sourceTree = "<group>";
		};
		4CA81C261929FF49003FCECF /* DelegateDemoTests */ = {
			isa = PBXGroup;
			children = (
				4CA81C2C1929FF49003FCECF /* DelegateDemoTests.m */,
				4CA81C271929FF49003FCECF /* Supporting Files */,
			);
			path = DelegateDemoTests;
			sourceTree = "<group>";
		};
		4CA81C271929FF49003FCECF /* Supporting Files */ = {
			isa = PBXGroup;
			children = (
				4CA81C281929FF49003FCECF /* DelegateDemoTests-Info.plist */,
				4CA81C291929FF49003FCECF /* InfoPlist.strings */,
			);
			name = "Supporting Files";
			sourceTree = "<group>";
		};
		4CA81C36192A0082003FCECF /* ViewControllers */ = {
			isa = PBXGroup;
			children = (
				4CA81C161929FF49003FCECF /* ViewController.h */,
				4CA81C171929FF49003FCECF /* ViewController.m */,
				4CA81C37192A00C0003FCECF /* LastNameViewController.h */,
				4CA81C38192A00C0003FCECF /* LastNameViewController.m */,
			);
			path = ViewControllers;
			sourceTree = "<group>";
		};
/* End PBXGroup section */

/* Begin PBXNativeTarget section */
		4CA81BFA1929FF49003FCECF /* DelegateDemo */ = {
			isa = PBXNativeTarget;
			buildConfigurationList = 4CA81C301929FF49003FCECF /* Build configuration list for PBXNativeTarget "DelegateDemo" */;
			buildPhases = (
				4CA81BF71929FF49003FCECF /* Sources */,
				4CA81BF81929FF49003FCECF /* Frameworks */,
				4CA81BF91929FF49003FCECF /* Resources */,
			);
			buildRules = (
			);
			dependencies = (
			);
			name = DelegateDemo;
			productName = DelegateDemo;
			productReference = 4CA81BFB1929FF49003FCECF /* DelegateDemo.app */;
			productType = "com.apple.product-type.application";
		};
		4CA81C1E1929FF49003FCECF /* DelegateDemoTests */ = {
			isa = PBXNativeTarget;
			buildConfigurationList = 4CA81C331929FF49003FCECF /* Build configuration list for PBXNativeTarget "DelegateDemoTests" */;
			buildPhases = (
				4CA81C1B1929FF49003FCECF /* Sources */,
				4CA81C1C1929FF49003FCECF /* Frameworks */,
				4CA81C1D1929FF49003FCECF /* Resources */,
			);
			buildRules = (
			);
			dependencies = (
				4CA81C251929FF49003FCECF /* PBXTargetDependency */,
			);
			name = DelegateDemoTests;
			productName = DelegateDemoTests;
			productReference = 4CA81C1F1929FF49003FCECF /* DelegateDemoTests.xctest */;
			productType = "com.apple.product-type.bundle.unit-test";
		};
/* End PBXNativeTarget section */

/* Begin PBXProject section */
		4CA81BF31929FF49003FCECF /* Project object */ = {
			isa = PBXProject;
			attributes = {
				LastUpgradeCheck = 0510;
				ORGANIZATIONNAME = TheAppGuruz;
				TargetAttributes = {
					4CA81C1E1929FF49003FCECF = {
						TestTargetID = 4CA81BFA1929FF49003FCECF;
					};
				};
			};
			buildConfigurationList = 4CA81BF61929FF49003FCECF /* Build configuration list for PBXProject "DelegateDemo" */;
			compatibilityVersion = "Xcode 3.2";
			developmentRegion = English;
			hasScannedForEncodings = 0;
			knownRegions = (
				en,
				Base,
			);
			mainGroup = 4CA81BF21929FF49003FCECF;
			productRefGroup = 4CA81BFC1929FF49003FCECF /* Products */;
			projectDirPath = "";
			projectRoot = "";
			targets = (
				4CA81BFA1929FF49003FCECF /* DelegateDemo */,
				4CA81C1E1929FF49003FCECF /* DelegateDemoTests */,
			);
		};
/* End PBXProject section */

/* Begin PBXResourcesBuildPhase section */
		4CA81BF91929FF49003FCECF /* Resources */ = {
			isa = PBXResourcesBuildPhase;
			buildActionMask = 2147483647;
			files = (
				4CA81C151929FF49003FCECF /* Main_iPad.storyboard in Resources */,
				4CA81C1A1929FF49003FCECF /* Images.xcassets in Resources */,
				4CA81C121929FF49003FCECF /* Main_iPhone.storyboard in Resources */,
				4CA81C091929FF49003FCECF /* InfoPlist.strings in Resources */,
			);
			runOnlyForDeploymentPostprocessing = 0;
		};
		4CA81C1D1929FF49003FCECF /* Resources */ = {
			isa = PBXResourcesBuildPhase;
			buildActionMask = 2147483647;
			files = (
				4CA81C2B1929FF49003FCECF /* InfoPlist.strings in Resources */,
			);
			runOnlyForDeploymentPostprocessing = 0;
		};
/* End PBXResourcesBuildPhase section */

/* Begin PBXSourcesBuildPhase section */
		4CA81BF71929FF49003FCECF /* Sources */ = {
			isa = PBXSourcesBuildPhase;
			buildActionMask = 2147483647;
			files = (
				4CA81C181929FF49003FCECF /* ViewController.m in Sources */,
				4CA81C0F1929FF49003FCECF /* AppDelegate.m in Sources */,
				4CA81C0B1929FF49003FCECF /* main.m in Sources */,
				4CA81C39192A00C0003FCECF /* LastNameViewController.m in Sources */,
			);
			runOnlyForDeploymentPostprocessing = 0;
		};
		4CA81C1B1929FF49003FCECF /* Sources */ = {
			isa = PBXSourcesBuildPhase;
			buildActionMask = 2147483647;
			files = (
				4CA81C2D1929FF49003FCECF /* DelegateDemoTests.m in Sources */,
			);
			runOnlyForDeploymentPostprocessing = 0;
		};
/* End PBXSourcesBuildPhase section */

/* Begin PBXTargetDependency section */
		4CA81C251929FF49003FCECF /* PBXTargetDependency */ = {
			isa = PBXTargetDependency;
			target = 4CA81BFA1929FF49003FCECF /* DelegateDemo */;
			targetProxy = 4CA81C241929FF49003FCECF /* PBXContainerItemProxy */;
		};
/* End PBXTargetDependency section */

/* Begin PBXVariantGroup section */
		4CA81C071929FF49003FCECF /* InfoPlist.strings */ = {
			isa = PBXVariantGroup;
			children = (
				4CA81C081929FF49003FCECF /* en */,
			);
			name = InfoPlist.strings;
			sourceTree = "<group>";
		};
		4CA81C101929FF49003FCECF /* Main_iPhone.storyboard */ = {
			isa = PBXVariantGroup;
			children = (
				4CA81C111929FF49003FCECF /* Base */,
			);
			name = Main_iPhone.storyboard;
			sourceTree = "<group>";
		};
		4CA81C131929FF49003FCECF /* Main_iPad.storyboard */ = {
			isa = PBXVariantGroup;
			children = (
				4CA81C141929FF49003FCECF /* Base */,
			);
			name = Main_iPad.storyboard;
			sourceTree = "<group>";
		};
		4CA81C291929FF49003FCECF /* InfoPlist.strings */ = {
			isa = PBXVariantGroup;
			children = (
				4CA81C2A1929FF49003FCECF /* en */,
			);
			name = InfoPlist.strings;
			sourceTree = "<group>";
		};
/* End PBXVariantGroup section */

/* Begin XCBuildConfiguration section */
		4CA81C2E1929FF49003FCECF /* Debug */ = {
			isa = XCBuildConfiguration;
			buildSettings = {
				ALWAYS_SEARCH_USER_PATHS = NO;
				CLANG_CXX_LANGUAGE_STANDARD = "gnu++0x";
				CLANG_CXX_LIBRARY = "libc++";
				CLANG_ENABLE_MODULES = YES;
				CLANG_ENABLE_OBJC_ARC = YES;
				CLANG_WARN_BOOL_CONVERSION = YES;
				CLANG_WARN_CONSTANT_CONVERSION = YES;
				CLANG_WARN_DIRECT_OBJC_ISA_USAGE = YES_ERROR;
				CLANG_WARN_EMPTY_BODY = YES;
				CLANG_WARN_ENUM_CONVERSION = YES;
				CLANG_WARN_INT_CONVERSION = YES;
				CLANG_WARN_OBJC_ROOT_CLASS = YES_ERROR;
				CLANG_WARN__DUPLICATE_METHOD_MATCH = YES;
				"CODE_SIGN_IDENTITY[sdk=iphoneos*]" = "iPhone Developer";
				COPY_PHASE_STRIP = NO;
				GCC_C_LANGUAGE_STANDARD = gnu99;
				GCC_DYNAMIC_NO_PIC = NO;
				GCC_OPTIMIZATION_LEVEL = 0;
				GCC_PREPROCESSOR_DEFINITIONS = (
					"DEBUG=1",
					"$(inherited)",
				);
				GCC_SYMBOLS_PRIVATE_EXTERN = NO;
				GCC_WARN_64_TO_32_BIT_CONVERSION = YES;
				GCC_WARN_ABOUT_RETURN_TYPE = YES_ERROR;
				GCC_WARN_UNDECLARED_SELECTOR = YES;
				GCC_WARN_UNINITIALIZED_AUTOS = YES_AGGRESSIVE;
				GCC_WARN_UNUSED_FUNCTION = YES;
				GCC_WARN_UNUSED_VARIABLE = YES;
				IPHONEOS_DEPLOYMENT_TARGET = 7.1;
				ONLY_ACTIVE_ARCH = YES;
				SDKROOT = iphoneos;
				TARGETED_DEVICE_FAMILY = "1,2";
			};
			name = Debug;
		};
		4CA81C2F1929FF49003FCECF /* Release */ = {
			isa = XCBuildConfiguration;
			buildSettings = {
				ALWAYS_SEARCH_USER_PATHS = NO;
				CLANG_CXX_LANGUAGE_STANDARD = "gnu++0x";
				CLANG_CXX_LIBRARY = "libc++";
				CLANG_ENABLE_MODULES = YES;
				CLANG_ENABLE_OBJC_ARC = YES;
				CLANG_WARN_BOOL_CONVERSION = YES;
				CLANG_WARN_CONSTANT_CONVERSION = YES;
				CLANG_WARN_DIRECT_OBJC_ISA_USAGE = YES_ERROR;
				CLANG_WARN_EMPTY_BODY = YES;
				CLANG_WARN_ENUM_CONVERSION = YES;
				CLANG_WARN_INT_CONVERSION = YES;
				CLANG_WARN_OBJC_ROOT_CLASS = YES_ERROR;
				CLANG_WARN__DUPLICATE_METHOD_MATCH = YES;
				"CODE_SIGN_IDENTITY[sdk=iphoneos*]" = "iPhone Developer";
				COPY_PHASE_STRIP = YES;
				ENABLE_NS_ASSERTIONS = NO;
				GCC_C_LANGUAGE_STANDARD = gnu99;
				GCC_WARN_64_TO_32_BIT_CONVERSION = YES;
				GCC_WARN_ABOUT_RETURN_TYPE = YES_ERROR;
				GCC_WARN_UNDECLARED_SELECTOR = YES;
				GCC_WARN_UNINITIALIZED_AUTOS = YES_AGGRESSIVE;
				GCC_WARN_UNUSED_FUNCTION = YES;
				GCC_WARN_UNUSED_VARIABLE = YES;
				IPHONEOS_DEPLOYMENT_TARGET = 7.1;
				SDKROOT = iphoneos;
				TARGETED_DEVICE_FAMILY = "1,2";
				VALIDATE_PRODUCT = YES;
			};
			name = Release;
		};
		4CA81C311929FF49003FCECF /* Debug */ = {
			isa = XCBuildConfiguration;
			buildSettings = {
				ASSETCATALOG_COMPILER_APPICON_NAME = AppIcon;
				ASSETCATALOG_COMPILER_LAUNCHIMAGE_NAME = LaunchImage;
				GCC_PRECOMPILE_PREFIX_HEADER = YES;
				GCC_PREFIX_HEADER = "DelegateDemo/DelegateDemo-Prefix.pch";
				INFOPLIST_FILE = "DelegateDemo/DelegateDemo-Info.plist";
				PRODUCT_NAME = "$(TARGET_NAME)";
				WRAPPER_EXTENSION = app;
			};
			name = Debug;
		};
		4CA81C321929FF49003FCECF /* Release */ = {
			isa = XCBuildConfiguration;
			buildSettings = {
				ASSETCATALOG_COMPILER_APPICON_NAME = AppIcon;
				ASSETCATALOG_COMPILER_LAUNCHIMAGE_NAME = LaunchImage;
				GCC_PRECOMPILE_PREFIX_HEADER = YES;
				GCC_PREFIX_HEADER = "DelegateDemo/DelegateDemo-Prefix.pch";
				INFOPLIST_FILE = "DelegateDemo/DelegateDemo-Info.plist";
				PRODUCT_NAME = "$(TARGET_NAME)";
				WRAPPER_EXTENSION = app;
			};
			name = Release;
		};
		4CA81C341929FF49003FCECF /* Debug */ = {
			isa = XCBuildConfiguration;
			buildSettings = {
				BUNDLE_LOADER = "$(BUILT_PRODUCTS_DIR)/DelegateDemo.app/DelegateDemo";
				FRAMEWORK_SEARCH_PATHS = (
					"$(SDKROOT)/Developer/Library/Frameworks",
					"$(inherited)",
					"$(DEVELOPER_FRAMEWORKS_DIR)",
				);
				GCC_PRECOMPILE_PREFIX_HEADER = YES;
				GCC_PREFIX_HEADER = "DelegateDemo/DelegateDemo-Prefix.pch";
				GCC_PREPROCESSOR_DEFINITIONS = (
					"DEBUG=1",
					"$(inherited)",
				);
				INFOPLIST_FILE = "DelegateDemoTests/DelegateDemoTests-Info.plist";
				PRODUCT_NAME = "$(TARGET_NAME)";
				TEST_HOST = "$(BUNDLE_LOADER)";
				WRAPPER_EXTENSION = xctest;
			};
			name = Debug;
		};
		4CA81C351929FF49003FCECF /* Release */ = {
			isa = XCBuildConfiguration;
			buildSettings = {
				BUNDLE_LOADER = "$(BUILT_PRODUCTS_DIR)/DelegateDemo.app/DelegateDemo";
				FRAMEWORK_SEARCH_PATHS = (
					"$(SDKROOT)/Developer/Library/Frameworks",
					"$(inherited)",
					"$(DEVELOPER_FRAMEWORKS_DIR)",
				);
				GCC_PRECOMPILE_PREFIX_HEADER = YES;
				GCC_PREFIX_HEADER = "DelegateDemo/DelegateDemo-Prefix.pch";
				INFOPLIST_FILE = "DelegateDemoTests/DelegateDemoTests-Info.plist";
				PRODUCT_NAME = "$(TARGET_NAME)";
				TEST_HOST = "$(BUNDLE_LOADER)";
				WRAPPER_EXTENSION = xctest;
			};
			name = Release;
		};
/* End XCBuildConfiguration section */

/* Begin XCConfigurationList section */
		4CA81BF61929FF49003FCECF /* Build configuration list for PBXProject "DelegateDemo" */ = {
			isa = XCConfigurationList;
			buildConfigurations = (
				4CA81C2E1929FF49003FCECF /* Debug */,
				4CA81C2F1929FF49003FCECF /* Release */,
			);
			defaultConfigurationIsVisible = 0;
			defaultConfigurationName = Release;
		};
		4CA81C301929FF49003FCECF /* Build configuration list for PBXNativeTarget "DelegateDemo" */ = {
			isa = XCConfigurationList;
			buildConfigurations = (
				4CA81C311929FF49003FCECF /* Debug */,
				4CA81C321929FF49003FCECF /* Release */,
			);
			defaultConfigurationIsVisible = 0;
		};
		4CA81C331929FF49003FCECF /* Build configuration list for PBXNativeTarget "DelegateDemoTests" */ = {
			isa = XCConfigurationList;
			buildConfigurations = (
				4CA81C341929FF49003FCECF /* Debug */,
				4CA81C351929FF49003FCECF /* Release */,
			);
			defaultConfigurationIsVisible = 0;
		};
/* End XCConfigurationList section */
	};
	rootObject = 4CA81BF31929FF49003FCECF /* Project object */;
}
